
Microsoft Visual Studio Solution File, Format Version 12.00
# Visual Studio Version 17
VisualStudioVersion = 17.13.35806.99
MinimumVisualStudioVersion = 10.0.40219.1
Project("{FAE04EC0-301F-11D3-BF4B-00C04F79EFBC}") = "SupermarketWEB", "SupermarketWEB.csproj", "{14E0DC3A-2F08-4BE1-A66D-FE810CCF98E1}"
EndProject
Global
	GlobalSection(SolutionConfigurationPlatforms) = preSolution
		Debug|Any CPU = Debug|Any CPU
		Release|Any CPU = Release|Any CPU
	EndGlobalSection
	GlobalSection(ProjectConfigurationPlatforms) = postSolution
		{14E0DC3A-2F08-4BE1-A66D-FE810CCF98E1}.Debug|Any CPU.ActiveCfg = Debug|Any CPU
		{14E0DC3A-2F08-4BE1-A66D-FE810CCF98E1}.Debug|Any CPU.Build.0 = Debug|Any CPU
		{14E0DC3A-2F08-4BE1-A66D-FE810CCF98E1}.Release|Any CPU.ActiveCfg = Release|Any CPU
		{14E0DC3A-2F08-4BE1-A66D-FE810CCF98E1}.Release|Any CPU.Build.0 = Release|Any CPU
	EndGlobalSection
	GlobalSection(SolutionProperties) = preSolution
		HideSolutionNode = FALSE
	EndGlobalSection
	GlobalSection(ExtensibilityGlobals) = postSolution
		SolutionGuid = {3E2AD12B-5ED7-4E1E-BC97-84FA6CEFF28A}
	EndGlobalSection
EndGlobal
